<?xml version="1.0" encoding="utf-8"?>
<Project ToolsVersion="4.0" xmlns="http://schemas.microsoft.com/developer/msbuild/2003">
  <ItemGroup>
    <Filter Include="GMFR">
      <UniqueIdentifier>{89335224-9a59-4824-b3f3-0df91a79f42d}</UniqueIdentifier>
    </Filter>
    <Filter Include="Global">
      <UniqueIdentifier>{401c4008-0459-4568-a9bc-35f27b5048e7}</UniqueIdentifier>
    </Filter>
    <Filter Include="Chart-Based Types">
      <UniqueIdentifier>{757f6d0d-f70b-4866-afab-b08d89712168}</UniqueIdentifier>
    </Filter>
    <Filter Include="Chart-Based Types\CHC">
      <UniqueIdentifier>{e06d6fb7-2b3e-4476-928d-d73b14f09a2b}</UniqueIdentifier>
    </Filter>
    <Filter Include="Chart-Based Types\CHC\TAS">
      <UniqueIdentifier>{e90c0a41-deb6-4089-bc13-3ee0b2188db5}</UniqueIdentifier>
    </Filter>
    <Filter Include="Chart-Based Types\CHC\Clone Hero">
      <UniqueIdentifier>{885f8a9e-f2ba-4dc5-a837-aba01e35d8b5}</UniqueIdentifier>
    </Filter>
    <Filter Include="Chart-Based Types\CHC\Editor">
      <UniqueIdentifier>{3e880544-ee8f-4df6-8579-561c2f9bfcf2}</UniqueIdentifier>
    </Filter>
    <Filter Include="Visual-Based Types">
      <UniqueIdentifier>{d2258a19-fe77-43ca-9631-ee3fbdfedd53}</UniqueIdentifier>
    </Filter>
    <Filter Include="Visual-Based Types\PString">
      <UniqueIdentifier>{85ea0625-7758-4e04-95f9-d307a8f5d83a}</UniqueIdentifier>
    </Filter>
    <Filter Include="Visual-Based Types\IMX">
      <UniqueIdentifier>{082920c2-9597-4ed0-b7d1-8346ccb9d28d}</UniqueIdentifier>
    </Filter>
    <Filter Include="Visual-Based Types\XG">
      <UniqueIdentifier>{7b546305-8cc6-414b-b650-80a74a7de3d5}</UniqueIdentifier>
    </Filter>
    <Filter Include="Visual-Based Types\XG\XGNodes">
      <UniqueIdentifier>{de74c1c7-0fa3-4614-be08-85c7d92a5e13}</UniqueIdentifier>
    </Filter>
    <Filter Include="Visual-Based Types\XGM">
      <UniqueIdentifier>{d1bf77bf-3161-40dd-adeb-7cee3d09f228}</UniqueIdentifier>
    </Filter>
    <Filter Include="Visual-Based Types\XGM\Editor">
      <UniqueIdentifier>{acb0c942-a78a-4219-9565-106b7118c6a3}</UniqueIdentifier>
    </Filter>
    <Filter Include="Visual-Based Types\IMX\Viewer Files">
      <UniqueIdentifier>{ebb557f7-1941-4d59-85e4-864dd70cbe7c}</UniqueIdentifier>
    </Filter>
    <Filter Include="Visual-Based Types\XG\Triangle Types">
      <UniqueIdentifier>{8e86a2de-0a8b-4e02-ae76-a57518755b12}</UniqueIdentifier>
    </Filter>
    <Filter Include="Visual-Based Types\XG\Triangle Types\Data">
      <UniqueIdentifier>{c2402ce3-40d8-45e3-bac4-10eaa7addfb8}</UniqueIdentifier>
    </Filter>
    <Filter Include="Visual-Based Types\XG\Vertex Types">
      <UniqueIdentifier>{e387bc2c-a79e-446c-b922-71ec74988114}</UniqueIdentifier>
    </Filter>
    <Filter Include="Viewer">
      <UniqueIdentifier>{5d8cf73e-d70b-40b4-8de7-fec0ca45a6d7}</UniqueIdentifier>
    </Filter>
    <Filter Include="Viewer\Input Control">
      <UniqueIdentifier>{08bde79d-4a4e-411d-9c5a-59a0044c13cb}</UniqueIdentifier>
    </Filter>
    <Filter Include="Viewer\Shaders">
      <UniqueIdentifier>{a95afc20-22bf-4202-8ab2-99a98d26d1d7}</UniqueIdentifier>
    </Filter>
    <Filter Include="Viewer\3rd Party">
      <UniqueIdentifier>{902d7889-f0c3-4981-8d3d-40bd6648daaf}</UniqueIdentifier>
    </Filter>
    <Filter Include="Viewer\Shaders\Base">
      <UniqueIdentifier>{c8be50cb-bb2f-43bc-af4c-fb891bc42303}</UniqueIdentifier>
    </Filter>
    <Filter Include="Visual-Based Types\XG\XGNodes\Interpolators">
      <UniqueIdentifier>{1375a5aa-c774-4341-9ff2-d52d96dad3b9}</UniqueIdentifier>
    </Filter>
    <Filter Include="Visual-Based Types\XG\XGNodes\Dag">
      <UniqueIdentifier>{7110a676-d91a-4683-906b-9192b35676a2}</UniqueIdentifier>
    </Filter>
    <Filter Include="Visual-Based Types\XG\XGNodes\Bg">
      <UniqueIdentifier>{ed41f00d-32f1-46b3-8266-f1520025f04f}</UniqueIdentifier>
    </Filter>
    <Filter Include="Visual-Based Types\XG\XGNodes\Materials">
      <UniqueIdentifier>{f1313f1d-4531-402b-8c8a-00b6f97ad972}</UniqueIdentifier>
    </Filter>
    <Filter Include="Visual-Based Types\SSQ">
      <UniqueIdentifier>{7f99acf0-c594-4f87-918a-cd90adb1005f}</UniqueIdentifier>
    </Filter>
    <Filter Include="Visual-Based Types\SSQ\Sub Types">
      <UniqueIdentifier>{326c7951-886d-4fa1-9376-438244d6a83d}</UniqueIdentifier>
    </Filter>
    <Filter Include="Visual-Based Types\SSQ\Sub Types\Sprite Setups">
      <UniqueIdentifier>{7191fc40-243a-4244-bc6a-3750a69976d9}</UniqueIdentifier>
    </Filter>
    <Filter Include="Visual-Based Types\SSQ\Sub Types\Model Setups">
      <UniqueIdentifier>{e7dc9633-b013-4e3b-ae5c-4bc5274f84a9}</UniqueIdentifier>
    </Filter>
    <Filter Include="Viewer\Shaders\Sprite">
      <UniqueIdentifier>{29b8eb95-5f8a-49cf-80ed-1130e96c7ca6}</UniqueIdentifier>
    </Filter>
    <Filter Include="Viewer\Shaders\Base\Normals">
      <UniqueIdentifier>{e81d4f40-cb7a-4954-8e39-d393b5c8aa66}</UniqueIdentifier>
    </Filter>
    <Filter Include="Viewer\Shaders\Sprite\vectors">
      <UniqueIdentifier>{973d07e0-8cc1-43ba-af16-5431576a1380}</UniqueIdentifier>
    </Filter>
  </ItemGroup>
  <ItemGroup>
    <ClCompile Include="Main\pch.cpp">
      <Filter>GMFR</Filter>
    </ClCompile>
    <ClCompile Include="Main\Global_Functions.cpp">
      <Filter>Global</Filter>
    </ClCompile>
    <ClCompile Include="Main\FileType.cpp">
      <Filter>Global</Filter>
    </ClCompile>
    <ClCompile Include="Main\FileMain.cpp">
      <Filter>Global</Filter>
    </ClCompile>
    <ClCompile Include="CHC\CHC.cpp">
      <Filter>Chart-Based Types\CHC</Filter>
    </ClCompile>
    <ClCompile Include="CHC\CHC_Editor.cpp">
      <Filter>Chart-Based Types\CHC\Editor</Filter>
    </ClCompile>
    <ClCompile Include="CHC\CH_Object.cpp">
      <Filter>Chart-Based Types\CHC\Clone Hero</Filter>
    </ClCompile>
    <ClCompile Include="CHC\CH_NoteTrack.cpp">
      <Filter>Chart-Based Types\CHC\Clone Hero</Filter>
    </ClCompile>
    <ClCompile Include="CHC\CH_ChartFile.cpp">
      <Filter>Chart-Based Types\CHC\Clone Hero</Filter>
    </ClCompile>
    <ClCompile Include="CHC\CH_Export.cpp">
      <Filter>Chart-Based Types\CHC\Clone Hero</Filter>
    </ClCompile>
    <ClCompile Include="CHC\CH_Import.cpp">
      <Filter>Chart-Based Types\CHC\Clone Hero</Filter>
    </ClCompile>
    <ClCompile Include="CHC\CHC_TAS.cpp">
      <Filter>Chart-Based Types\CHC\TAS</Filter>
    </ClCompile>
    <ClCompile Include="CHC\CHC_Main.cpp">
      <Filter>Chart-Based Types\CHC</Filter>
    </ClCompile>
    <ClCompile Include="PString\PString.cpp">
      <Filter>Visual-Based Types\PString</Filter>
    </ClCompile>
    <ClCompile Include="IMX\IMX.cpp">
      <Filter>Visual-Based Types\IMX</Filter>
    </ClCompile>
    <ClCompile Include="IMX\IMX_Main.cpp">
      <Filter>Visual-Based Types\IMX</Filter>
    </ClCompile>
    <ClCompile Include="XG\XG.cpp">
      <Filter>Visual-Based Types\XG</Filter>
    </ClCompile>
    <ClCompile Include="XG\XG_Main.cpp">
      <Filter>Visual-Based Types\XG</Filter>
    </ClCompile>
    <ClCompile Include="XGM\XGM.cpp">
      <Filter>Visual-Based Types\XGM</Filter>
    </ClCompile>
    <ClCompile Include="XGM\XGM_Main.cpp">
      <Filter>Visual-Based Types\XGM</Filter>
    </ClCompile>
    <ClCompile Include="XGM\Viewer\InputHandler.cpp">
      <Filter>Viewer\Input Control</Filter>
    </ClCompile>
    <ClCompile Include="XGM\Viewer\Camera.cpp">
      <Filter>Viewer\Input Control</Filter>
    </ClCompile>
    <ClCompile Include="XGM\Viewer\Shaders.cpp">
      <Filter>Viewer\Shaders</Filter>
    </ClCompile>
    <ClCompile Include="XGM\Viewer\Viewer.cpp">
      <Filter>Viewer</Filter>
    </ClCompile>
    <ClCompile Include="Main\GitarooFileReader.cpp">
      <Filter>GMFR</Filter>
    </ClCompile>
    <ClCompile Include="..\3rdparty\glad\glad.c">
      <Filter>Viewer\3rd Party</Filter>
    </ClCompile>
    <ClCompile Include="IMX\IMX_Viewer.cpp">
      <Filter>Visual-Based Types\IMX\Viewer Files</Filter>
    </ClCompile>
    <ClCompile Include="IMX\IMX_Data.cpp">
      <Filter>Visual-Based Types\IMX</Filter>
    </ClCompile>
    <ClCompile Include="XG\XG_Data.cpp">
      <Filter>Visual-Based Types\XG</Filter>
    </ClCompile>
    <ClCompile Include="XG\Triangle Types\Triangle_Primitive.cpp">
      <Filter>Visual-Based Types\XG\Triangle Types</Filter>
    </ClCompile>
    <ClCompile Include="XG\Triangle Types\Triangle_Fan.cpp">
      <Filter>Visual-Based Types\XG\Triangle Types</Filter>
    </ClCompile>
    <ClCompile Include="XG\Triangle Types\Triangle_List.cpp">
      <Filter>Visual-Based Types\XG\Triangle Types</Filter>
    </ClCompile>
    <ClCompile Include="XG\Triangle Types\Triangle_Strip.cpp">
      <Filter>Visual-Based Types\XG\Triangle Types</Filter>
    </ClCompile>
    <ClCompile Include="XG\Triangle Types\Triangle_Data.cpp">
      <Filter>Visual-Based Types\XG\Triangle Types\Data</Filter>
    </ClCompile>
    <ClCompile Include="XG\Triangle Types\Triangle_Group.cpp">
      <Filter>Visual-Based Types\XG\Triangle Types\Data</Filter>
    </ClCompile>
    <ClCompile Include="XG\Triangle Types\Triangle_Separate.cpp">
      <Filter>Visual-Based Types\XG\Triangle Types\Data</Filter>
    </ClCompile>
    <ClCompile Include="XG\Animation.cpp">
      <Filter>Visual-Based Types\XG</Filter>
    </ClCompile>
    <ClCompile Include="XGM\Viewer\Model.cpp">
      <Filter>Viewer</Filter>
    </ClCompile>
    <ClCompile Include="XG\XG_Nodes.cpp">
      <Filter>Visual-Based Types\XG\XGNodes</Filter>
    </ClCompile>
    <ClCompile Include="XG\Dag.cpp">
      <Filter>Visual-Based Types\XG\XGNodes\Dag</Filter>
    </ClCompile>
    <ClCompile Include="XG\XGNodes\xgBgGeometry.cpp">
      <Filter>Visual-Based Types\XG\XGNodes\Bg</Filter>
    </ClCompile>
    <ClCompile Include="XG\XGNodes\xgBgMatrix.cpp">
      <Filter>Visual-Based Types\XG\XGNodes\Bg</Filter>
    </ClCompile>
    <ClCompile Include="XG\XGNodes\xgBone.cpp">
      <Filter>Visual-Based Types\XG\XGNodes\Bg</Filter>
    </ClCompile>
    <ClCompile Include="XG\XGNodes\xgEnvelope.cpp">
      <Filter>Visual-Based Types\XG\XGNodes\Bg</Filter>
    </ClCompile>
    <ClCompile Include="XG\XGNodes\xgDagMesh.cpp">
      <Filter>Visual-Based Types\XG\XGNodes\Dag</Filter>
    </ClCompile>
    <ClCompile Include="XG\XGNodes\xgDagTransform.cpp">
      <Filter>Visual-Based Types\XG\XGNodes\Dag</Filter>
    </ClCompile>
    <ClCompile Include="XG\XGNodes\xgMultiPassMaterial.cpp">
      <Filter>Visual-Based Types\XG\XGNodes\Materials</Filter>
    </ClCompile>
    <ClCompile Include="XG\XGNodes\xgMaterial.cpp">
      <Filter>Visual-Based Types\XG\XGNodes\Materials</Filter>
    </ClCompile>
    <ClCompile Include="XG\XGNodes\xgTexture.cpp">
      <Filter>Visual-Based Types\XG\XGNodes\Materials</Filter>
    </ClCompile>
    <ClCompile Include="XG\XGNodes\xgTime.cpp">
      <Filter>Visual-Based Types\XG\XGNodes\Interpolators</Filter>
    </ClCompile>
    <ClCompile Include="XG\XGNodes\xgInterpolator.cpp">
      <Filter>Visual-Based Types\XG\XGNodes\Interpolators</Filter>
    </ClCompile>
    <ClCompile Include="XG\Vertex Types\Vertex.cpp">
      <Filter>Visual-Based Types\XG\Vertex Types</Filter>
    </ClCompile>
    <ClCompile Include="SSQ\SSQ.cpp">
      <Filter>Visual-Based Types\SSQ</Filter>
    </ClCompile>
    <ClCompile Include="SSQ\SSQ_Main.cpp">
      <Filter>Visual-Based Types\SSQ</Filter>
    </ClCompile>
    <ClCompile Include="SSQ\Sub Types\AttDefModel_Setup.cpp">
      <Filter>Visual-Based Types\SSQ\Sub Types\Model Setups</Filter>
    </ClCompile>
    <ClCompile Include="SSQ\Sub Types\Model_Setup.cpp">
      <Filter>Visual-Based Types\SSQ\Sub Types\Model Setups</Filter>
    </ClCompile>
    <ClCompile Include="SSQ\Sub Types\PlayerModel_Setup.cpp">
      <Filter>Visual-Based Types\SSQ\Sub Types\Model Setups</Filter>
    </ClCompile>
    <ClCompile Include="SSQ\Sub Types\SnakeModel_Setup.cpp">
      <Filter>Visual-Based Types\SSQ\Sub Types\Model Setups</Filter>
    </ClCompile>
    <ClCompile Include="SSQ\Sub Types\FixedSprite_Setup.cpp">
      <Filter>Visual-Based Types\SSQ\Sub Types\Sprite Setups</Filter>
    </ClCompile>
    <ClCompile Include="SSQ\Sub Types\Sprites_Setup.cpp">
      <Filter>Visual-Based Types\SSQ\Sub Types\Sprite Setups</Filter>
    </ClCompile>
    <ClCompile Include="SSQ\Sub Types\FixedSprite.cpp">
      <Filter>Visual-Based Types\SSQ\Sub Types\Sprite Setups</Filter>
    </ClCompile>
    <ClCompile Include="SSQ\Sub Types\TextureAnimation.cpp">
      <Filter>Visual-Based Types\SSQ\Sub Types\Sprite Setups</Filter>
    </ClCompile>
    <ClCompile Include="SSQ\Sub Types\PSetup.cpp">
      <Filter>Visual-Based Types\SSQ\Sub Types\Sprite Setups</Filter>
    </ClCompile>
    <ClCompile Include="SSQ\Sub Types\UnkSprite_Setups.cpp">
      <Filter>Visual-Based Types\SSQ\Sub Types\Sprite Setups</Filter>
    </ClCompile>
    <ClCompile Include="SSQ\Sub Types\Light_Setup.cpp">
      <Filter>Visual-Based Types\SSQ\Sub Types</Filter>
    </ClCompile>
    <ClCompile Include="SSQ\Sub Types\Camera_Setup.cpp">
      <Filter>Visual-Based Types\SSQ\Sub Types</Filter>
    </ClCompile>
    <ClCompile Include="SSQ\Sub Types\IMXEntry.cpp">
      <Filter>Visual-Based Types\SSQ\Sub Types</Filter>
    </ClCompile>
    <ClCompile Include="SSQ\Sub Types\XGEntry.cpp">
      <Filter>Visual-Based Types\SSQ\Sub Types</Filter>
    </ClCompile>
  </ItemGroup>
  <ItemGroup>
    <ClInclude Include="Main\Global_Functions.h">
      <Filter>Global</Filter>
    </ClInclude>
    <ClInclude Include="Main\FileType.h">
      <Filter>Global</Filter>
    </ClInclude>
    <ClInclude Include="Main\FileMain.h">
      <Filter>Global</Filter>
    </ClInclude>
    <ClInclude Include="CHC\CHC.h">
      <Filter>Chart-Based Types\CHC</Filter>
    </ClInclude>
    <ClInclude Include="CHC\CH_Object.h">
      <Filter>Chart-Based Types\CHC\Clone Hero</Filter>
    </ClInclude>
    <ClInclude Include="CHC\CH_NoteTrack.h">
      <Filter>Chart-Based Types\CHC\Clone Hero</Filter>
    </ClInclude>
    <ClInclude Include="CHC\CH_ChartFile.h">
      <Filter>Chart-Based Types\CHC\Clone Hero</Filter>
    </ClInclude>
    <ClInclude Include="CHC\CH_Export.h">
      <Filter>Chart-Based Types\CHC\Clone Hero</Filter>
    </ClInclude>
    <ClInclude Include="CHC\CH_Import.h">
      <Filter>Chart-Based Types\CHC\Clone Hero</Filter>
    </ClInclude>
    <ClInclude Include="CHC\CHC_TAS.h">
      <Filter>Chart-Based Types\CHC\TAS</Filter>
    </ClInclude>
    <ClInclude Include="PString\PString.h">
      <Filter>Visual-Based Types\PString</Filter>
    </ClInclude>
    <ClInclude Include="IMX\IMX.h">
      <Filter>Visual-Based Types\IMX</Filter>
    </ClInclude>
    <ClInclude Include="XG\XG.h">
      <Filter>Visual-Based Types\XG</Filter>
    </ClInclude>
    <ClInclude Include="XGM\XGM.h">
      <Filter>Visual-Based Types\XGM</Filter>
    </ClInclude>
    <ClInclude Include="XGM\Viewer\Viewer.h">
      <Filter>Viewer</Filter>
    </ClInclude>
    <ClInclude Include="XGM\Viewer\InputHandler.h">
      <Filter>Viewer\Input Control</Filter>
    </ClInclude>
    <ClInclude Include="XGM\Viewer\Camera.h">
      <Filter>Viewer\Input Control</Filter>
    </ClInclude>
    <ClInclude Include="XGM\Viewer\Shaders.h">
      <Filter>Viewer\Shaders</Filter>
    </ClInclude>
    <ClInclude Include="IMX\IMX_Data.h">
      <Filter>Visual-Based Types\IMX</Filter>
    </ClInclude>
    <ClInclude Include="XG\XG_Data.h">
      <Filter>Visual-Based Types\XG</Filter>
    </ClInclude>
    <ClInclude Include="XG\Triangle Types\Triangle_Primitive.h">
      <Filter>Visual-Based Types\XG\Triangle Types</Filter>
    </ClInclude>
    <ClInclude Include="XG\Triangle Types\Triangle_Fan.h">
      <Filter>Visual-Based Types\XG\Triangle Types</Filter>
    </ClInclude>
    <ClInclude Include="XG\Triangle Types\Triangle_List.h">
      <Filter>Visual-Based Types\XG\Triangle Types</Filter>
    </ClInclude>
    <ClInclude Include="XG\Triangle Types\Triangle_Strip.h">
      <Filter>Visual-Based Types\XG\Triangle Types</Filter>
    </ClInclude>
    <ClInclude Include="XG\Triangle Types\Triangle_Data.h">
      <Filter>Visual-Based Types\XG\Triangle Types\Data</Filter>
    </ClInclude>
    <ClInclude Include="XG\Triangle Types\Triangle_Group.h">
      <Filter>Visual-Based Types\XG\Triangle Types\Data</Filter>
    </ClInclude>
    <ClInclude Include="XG\Triangle Types\Triangle_Separate.h">
      <Filter>Visual-Based Types\XG\Triangle Types\Data</Filter>
    </ClInclude>
    <ClInclude Include="XG\Animation.h">
      <Filter>Visual-Based Types\XG</Filter>
    </ClInclude>
    <ClInclude Include="XGM\Viewer\Model.h">
      <Filter>Viewer</Filter>
    </ClInclude>
    <ClInclude Include="XG\XG_Nodes.h">
      <Filter>Visual-Based Types\XG\XGNodes</Filter>
    </ClInclude>
    <ClInclude Include="XG\XGNodes\xgInterpolator.h">
      <Filter>Visual-Based Types\XG\XGNodes\Interpolators</Filter>
    </ClInclude>
    <ClInclude Include="XG\XGNodes\xgNormalInterpolator.h">
      <Filter>Visual-Based Types\XG\XGNodes\Interpolators</Filter>
    </ClInclude>
    <ClInclude Include="XG\XGNodes\xgQuatInterpolator.h">
      <Filter>Visual-Based Types\XG\XGNodes\Interpolators</Filter>
    </ClInclude>
    <ClInclude Include="XG\XGNodes\xgShapeInterpolator.h">
      <Filter>Visual-Based Types\XG\XGNodes\Interpolators</Filter>
    </ClInclude>
    <ClInclude Include="XG\XGNodes\xgTexCoordInterpolator.h">
      <Filter>Visual-Based Types\XG\XGNodes\Interpolators</Filter>
    </ClInclude>
    <ClInclude Include="XG\XGNodes\xgVertexInterpolator.h">
      <Filter>Visual-Based Types\XG\XGNodes\Interpolators</Filter>
    </ClInclude>
    <ClInclude Include="XG\XGNodes\xgVec3Interpolator.h">
      <Filter>Visual-Based Types\XG\XGNodes\Interpolators</Filter>
    </ClInclude>
    <ClInclude Include="XG\Dag.h">
      <Filter>Visual-Based Types\XG\XGNodes\Dag</Filter>
    </ClInclude>
    <ClInclude Include="XG\XGNodes\xgDagTransform.h">
      <Filter>Visual-Based Types\XG\XGNodes\Dag</Filter>
    </ClInclude>
    <ClInclude Include="XG\XGNodes\xgDagMesh.h">
      <Filter>Visual-Based Types\XG\XGNodes\Dag</Filter>
    </ClInclude>
    <ClInclude Include="XG\XGNodes\xgBgGeometry.h">
      <Filter>Visual-Based Types\XG\XGNodes\Bg</Filter>
    </ClInclude>
    <ClInclude Include="XG\XGNodes\xgBgMatrix.h">
      <Filter>Visual-Based Types\XG\XGNodes\Bg</Filter>
    </ClInclude>
    <ClInclude Include="XG\XGNodes\xgBone.h">
      <Filter>Visual-Based Types\XG\XGNodes\Bg</Filter>
    </ClInclude>
    <ClInclude Include="XG\XGNodes\xgEnvelope.h">
      <Filter>Visual-Based Types\XG\XGNodes\Bg</Filter>
    </ClInclude>
    <ClInclude Include="XG\XGNodes\xgMaterial.h">
      <Filter>Visual-Based Types\XG\XGNodes\Materials</Filter>
    </ClInclude>
    <ClInclude Include="XG\XGNodes\xgMultiPassMaterial.h">
      <Filter>Visual-Based Types\XG\XGNodes\Materials</Filter>
    </ClInclude>
    <ClInclude Include="XG\XGNodes\xgTexture.h">
      <Filter>Visual-Based Types\XG\XGNodes\Materials</Filter>
    </ClInclude>
    <ClInclude Include="XG\XGNodes\xgTime.h">
      <Filter>Visual-Based Types\XG\XGNodes\Interpolators</Filter>
    </ClInclude>
    <ClInclude Include="XG\Vertex Types\Vertex.h">
      <Filter>Visual-Based Types\XG\Vertex Types</Filter>
    </ClInclude>
    <ClInclude Include="SSQ\Sub Types\Model_Setup.h">
      <Filter>Visual-Based Types\SSQ\Sub Types\Model Setups</Filter>
    </ClInclude>
    <ClInclude Include="SSQ\Sub Types\FixedSprite.h">
      <Filter>Visual-Based Types\SSQ\Sub Types\Sprite Setups</Filter>
    </ClInclude>
    <ClInclude Include="SSQ\Sub Types\FixedSprite_Setup.h">
      <Filter>Visual-Based Types\SSQ\Sub Types\Sprite Setups</Filter>
    </ClInclude>
    <ClInclude Include="SSQ\Sub Types\Sprites_Setup.h">
      <Filter>Visual-Based Types\SSQ\Sub Types\Sprite Setups</Filter>
    </ClInclude>
    <ClInclude Include="SSQ\Sub Types\TextureAnimation.h">
      <Filter>Visual-Based Types\SSQ\Sub Types\Sprite Setups</Filter>
    </ClInclude>
    <ClInclude Include="SSQ\Sub Types\PSetup.h">
      <Filter>Visual-Based Types\SSQ\Sub Types\Sprite Setups</Filter>
    </ClInclude>
    <ClInclude Include="SSQ\Sub Types\UnkSprite_Setups.h">
      <Filter>Visual-Based Types\SSQ\Sub Types\Sprite Setups</Filter>
    </ClInclude>
    <ClInclude Include="SSQ\Sub Types\Light_Setup.h">
      <Filter>Visual-Based Types\SSQ\Sub Types</Filter>
    </ClInclude>
    <ClInclude Include="SSQ\Sub Types\Camera_Setup.h">
      <Filter>Visual-Based Types\SSQ\Sub Types</Filter>
    </ClInclude>
    <ClInclude Include="SSQ\Sub Types\SSQ_BaseStructs.h">
      <Filter>Visual-Based Types\SSQ\Sub Types</Filter>
    </ClInclude>
    <ClInclude Include="SSQ\Sub Types\IMXEntry.h">
      <Filter>Visual-Based Types\SSQ\Sub Types</Filter>
    </ClInclude>
    <ClInclude Include="SSQ\SSQ.h">
      <Filter>Visual-Based Types\SSQ</Filter>
    </ClInclude>
    <ClInclude Include="SSQ\Sub Types\XGEntry.h">
      <Filter>Visual-Based Types\SSQ\Sub Types</Filter>
    </ClInclude>
  </ItemGroup>
  <ItemGroup>
    <ClInclude Include="Main\pch.h">
      <Filter>GMFR</Filter>
    </ClInclude>
    <ClInclude Include="resource.h">
      <Filter>GMFR</Filter>
    </ClInclude>
  </ItemGroup>
  <ItemGroup>
    <Image Include="icon1.ico">
      <Filter>GMFR</Filter>
    </Image>
    <Image Include="icon2.ico">
      <Filter>GMFR</Filter>
    </Image>
  </ItemGroup>
  <ItemGroup>
    <ResourceCompile Include="GitarooFileReader.rc">
      <Filter>GMFR</Filter>
    </ResourceCompile>
  </ItemGroup>
  <ItemGroup>
    <Natvis Include="Main\glm.natvis">
      <Filter>Global</Filter>
    </Natvis>
    <Natvis Include="Main\SharedPtr.natvis">
      <Filter>Global</Filter>
    </Natvis>
    <Natvis Include="IMX\IMX.natvis">
      <Filter>Visual-Based Types\IMX</Filter>
    </Natvis>
    <Natvis Include="XG\XG.natvis">
      <Filter>Visual-Based Types\XG</Filter>
    </Natvis>
    <Natvis Include="Main\SharedPtr.natvis">
      <Filter>Global</Filter>
    </Natvis>
    <Natvis Include="SSQ\Sub Types\Model_Setup.natvis">
      <Filter>Visual-Based Types\SSQ\Sub Types\Model Setups</Filter>
    </Natvis>
  </ItemGroup>
  <ItemGroup>
    <None Include="base.vert">
      <Filter>Viewer\Shaders\Base</Filter>
    </None>
    <None Include="bones.vert">
      <Filter>Viewer\Shaders\Base</Filter>
    </None>
    <None Include="material.frag">
      <Filter>Viewer\Shaders\Base</Filter>
    </None>
    <None Include="sprite.vert">
      <Filter>Viewer\Shaders\Sprite</Filter>
    </None>
    <None Include="sprite.geo">
      <Filter>Viewer\Shaders\Sprite</Filter>
    </None>
    <None Include="sprite.frag">
      <Filter>Viewer\Shaders\Sprite</Filter>
    </None>
    <None Include="sprite - vectors.frag">
      <Filter>Viewer\Shaders\Sprite\vectors</Filter>
    </None>
    <None Include="sprite - vectors.geo">
      <Filter>Viewer\Shaders\Sprite\vectors</Filter>
    </None>
    <None Include="sprite - vectors.vert">
      <Filter>Viewer\Shaders\Sprite\vectors</Filter>
    </None>
    <None Include="normals - bone.vert">
      <Filter>Viewer\Shaders\Base\Normals</Filter>
    </None>
    <None Include="normals.frag">
      <Filter>Viewer\Shaders\Base\Normals</Filter>
    </None>
    <None Include="normals.geo">
      <Filter>Viewer\Shaders\Base\Normals</Filter>
    </None>
    <None Include="normals.vert">
      <Filter>Viewer\Shaders\Base\Normals</Filter>
    </None>
  </ItemGroup>
</Project>