<?xml version="1.0" encoding="utf-8"?>
<Project ToolsVersion="4.0" xmlns="http://schemas.microsoft.com/developer/msbuild/2003">
  <ItemGroup>
    <Filter Include="GMFR">
      <UniqueIdentifier>{89335224-9a59-4824-b3f3-0df91a79f42d}</UniqueIdentifier>
    </Filter>
    <Filter Include="Global">
      <UniqueIdentifier>{401c4008-0459-4568-a9bc-35f27b5048e7}</UniqueIdentifier>
    </Filter>
    <Filter Include="Chart-Based Types">
      <UniqueIdentifier>{757f6d0d-f70b-4866-afab-b08d89712168}</UniqueIdentifier>
    </Filter>
    <Filter Include="Chart-Based Types\CHC">
      <UniqueIdentifier>{e06d6fb7-2b3e-4476-928d-d73b14f09a2b}</UniqueIdentifier>
    </Filter>
    <Filter Include="Chart-Based Types\CHC\TAS">
      <UniqueIdentifier>{e90c0a41-deb6-4089-bc13-3ee0b2188db5}</UniqueIdentifier>
    </Filter>
    <Filter Include="Chart-Based Types\CHC\Clone Hero">
      <UniqueIdentifier>{885f8a9e-f2ba-4dc5-a837-aba01e35d8b5}</UniqueIdentifier>
    </Filter>
    <Filter Include="Chart-Based Types\CHC\Editor">
      <UniqueIdentifier>{3e880544-ee8f-4df6-8579-561c2f9bfcf2}</UniqueIdentifier>
    </Filter>
    <Filter Include="Visual-Based Types">
      <UniqueIdentifier>{d2258a19-fe77-43ca-9631-ee3fbdfedd53}</UniqueIdentifier>
    </Filter>
    <Filter Include="Visual-Based Types\PString">
      <UniqueIdentifier>{85ea0625-7758-4e04-95f9-d307a8f5d83a}</UniqueIdentifier>
    </Filter>
    <Filter Include="Visual-Based Types\IMX">
      <UniqueIdentifier>{082920c2-9597-4ed0-b7d1-8346ccb9d28d}</UniqueIdentifier>
    </Filter>
    <Filter Include="Visual-Based Types\XG">
      <UniqueIdentifier>{7b546305-8cc6-414b-b650-80a74a7de3d5}</UniqueIdentifier>
    </Filter>
    <Filter Include="Visual-Based Types\XG\XGNodes">
      <UniqueIdentifier>{de74c1c7-0fa3-4614-be08-85c7d92a5e13}</UniqueIdentifier>
    </Filter>
    <Filter Include="Visual-Based Types\XGM">
      <UniqueIdentifier>{d1bf77bf-3161-40dd-adeb-7cee3d09f228}</UniqueIdentifier>
    </Filter>
    <Filter Include="Visual-Based Types\XGM\Editor">
      <UniqueIdentifier>{acb0c942-a78a-4219-9565-106b7118c6a3}</UniqueIdentifier>
    </Filter>
    <Filter Include="Visual-Based Types\XGM\Viewer">
      <UniqueIdentifier>{5d8cf73e-d70b-40b4-8de7-fec0ca45a6d7}</UniqueIdentifier>
    </Filter>
    <Filter Include="Visual-Based Types\XGM\Viewer\Animation">
      <UniqueIdentifier>{6de13a1f-9ae3-4f44-aef8-fca82c84508f}</UniqueIdentifier>
    </Filter>
    <Filter Include="Visual-Based Types\XGM\Viewer\Input Control">
      <UniqueIdentifier>{08bde79d-4a4e-411d-9c5a-59a0044c13cb}</UniqueIdentifier>
    </Filter>
    <Filter Include="Visual-Based Types\XGM\Viewer\Shaders">
      <UniqueIdentifier>{a95afc20-22bf-4202-8ab2-99a98d26d1d7}</UniqueIdentifier>
    </Filter>
    <Filter Include="Visual-Based Types\XGM\Viewer\3rd Party">
      <UniqueIdentifier>{902d7889-f0c3-4981-8d3d-40bd6648daaf}</UniqueIdentifier>
    </Filter>
  </ItemGroup>
  <ItemGroup>
    <ClCompile Include="Main\pch.cpp">
      <Filter>GMFR</Filter>
    </ClCompile>
    <ClCompile Include="Main\Global_Functions.cpp">
      <Filter>Global</Filter>
    </ClCompile>
    <ClCompile Include="Main\FileType.cpp">
      <Filter>Global</Filter>
    </ClCompile>
    <ClCompile Include="Main\FileMain.cpp">
      <Filter>Global</Filter>
    </ClCompile>
    <ClCompile Include="CHC\CHC.cpp">
      <Filter>Chart-Based Types\CHC</Filter>
    </ClCompile>
    <ClCompile Include="CHC\CHC_Editor.cpp">
      <Filter>Chart-Based Types\CHC\Editor</Filter>
    </ClCompile>
    <ClCompile Include="CHC\CH_Object.cpp">
      <Filter>Chart-Based Types\CHC\Clone Hero</Filter>
    </ClCompile>
    <ClCompile Include="CHC\CH_NoteTrack.cpp">
      <Filter>Chart-Based Types\CHC\Clone Hero</Filter>
    </ClCompile>
    <ClCompile Include="CHC\CH_ChartFile.cpp">
      <Filter>Chart-Based Types\CHC\Clone Hero</Filter>
    </ClCompile>
    <ClCompile Include="CHC\CH_Export.cpp">
      <Filter>Chart-Based Types\CHC\Clone Hero</Filter>
    </ClCompile>
    <ClCompile Include="CHC\CH_Import.cpp">
      <Filter>Chart-Based Types\CHC\Clone Hero</Filter>
    </ClCompile>
    <ClCompile Include="CHC\CHC_TAS.cpp">
      <Filter>Chart-Based Types\CHC\TAS</Filter>
    </ClCompile>
    <ClCompile Include="CHC\CHC_Main.cpp">
      <Filter>Chart-Based Types\CHC</Filter>
    </ClCompile>
    <ClCompile Include="PString\PString.cpp">
      <Filter>Visual-Based Types\PString</Filter>
    </ClCompile>
    <ClCompile Include="IMX\IMX.cpp">
      <Filter>Visual-Based Types\IMX</Filter>
    </ClCompile>
    <ClCompile Include="IMX\IMX_Main.cpp">
      <Filter>Visual-Based Types\IMX</Filter>
    </ClCompile>
    <ClCompile Include="XG\XG.cpp">
      <Filter>Visual-Based Types\XG</Filter>
    </ClCompile>
    <ClCompile Include="XG\XG_Nodes.cpp">
      <Filter>Visual-Based Types\XG\XGNodes</Filter>
    </ClCompile>
    <ClCompile Include="XG\XG_Main.cpp">
      <Filter>Visual-Based Types\XG</Filter>
    </ClCompile>
    <ClCompile Include="XGM\XGM.cpp">
      <Filter>Visual-Based Types\XGM</Filter>
    </ClCompile>
    <ClCompile Include="XGM\XGM_Main.cpp">
      <Filter>Visual-Based Types\XGM</Filter>
    </ClCompile>
    <ClCompile Include="XGM\Viewer\Animator.cpp">
      <Filter>Visual-Based Types\XGM\Viewer\Animation</Filter>
    </ClCompile>
    <ClCompile Include="XGM\Viewer\Timeline.cpp">
      <Filter>Visual-Based Types\XGM\Viewer\Animation</Filter>
    </ClCompile>
    <ClCompile Include="XGM\Viewer\InputHandler.cpp">
      <Filter>Visual-Based Types\XGM\Viewer\Input Control</Filter>
    </ClCompile>
    <ClCompile Include="XGM\Viewer\Camera.cpp">
      <Filter>Visual-Based Types\XGM\Viewer\Input Control</Filter>
    </ClCompile>
    <ClCompile Include="XGM\Viewer\Shaders.cpp">
      <Filter>Visual-Based Types\XGM\Viewer\Shaders</Filter>
    </ClCompile>
    <ClCompile Include="XGM\Viewer\Viewer.cpp">
      <Filter>Visual-Based Types\XGM\Viewer</Filter>
    </ClCompile>
    <ClCompile Include="Main\GitarooFileReader.cpp">
      <Filter>GMFR</Filter>
    </ClCompile>
    <ClCompile Include="..\3rdparty\glad\glad.c">
      <Filter>Visual-Based Types\XGM\Viewer\3rd Party</Filter>
    </ClCompile>
    <ClCompile Include="XGM\Viewer\Texture.cpp">
      <Filter>Visual-Based Types\XGM\Viewer</Filter>
    </ClCompile>
    <ClCompile Include="XGM\Viewer\Primitives.cpp">
      <Filter>Visual-Based Types\XGM\Viewer</Filter>
    </ClCompile>
    <ClCompile Include="XGM\Viewer\Material.cpp">
      <Filter>Visual-Based Types\XGM\Viewer</Filter>
    </ClCompile>
  </ItemGroup>
  <ItemGroup>
    <ClInclude Include="Main\Global_Functions.h">
      <Filter>Global</Filter>
    </ClInclude>
    <ClInclude Include="Main\FileType.h">
      <Filter>Global</Filter>
    </ClInclude>
    <ClInclude Include="Main\FileMain.h">
      <Filter>Global</Filter>
    </ClInclude>
    <ClInclude Include="CHC\CHC.h">
      <Filter>Chart-Based Types\CHC</Filter>
    </ClInclude>
    <ClInclude Include="CHC\CH_Object.h">
      <Filter>Chart-Based Types\CHC\Clone Hero</Filter>
    </ClInclude>
    <ClInclude Include="CHC\CH_NoteTrack.h">
      <Filter>Chart-Based Types\CHC\Clone Hero</Filter>
    </ClInclude>
    <ClInclude Include="CHC\CH_ChartFile.h">
      <Filter>Chart-Based Types\CHC\Clone Hero</Filter>
    </ClInclude>
    <ClInclude Include="CHC\CH_Export.h">
      <Filter>Chart-Based Types\CHC\Clone Hero</Filter>
    </ClInclude>
    <ClInclude Include="CHC\CH_Import.h">
      <Filter>Chart-Based Types\CHC\Clone Hero</Filter>
    </ClInclude>
    <ClInclude Include="CHC\CHC_TAS.h">
      <Filter>Chart-Based Types\CHC\TAS</Filter>
    </ClInclude>
    <ClInclude Include="PString\PString.h">
      <Filter>Visual-Based Types\PString</Filter>
    </ClInclude>
    <ClInclude Include="IMX\IMX.h">
      <Filter>Visual-Based Types\IMX</Filter>
    </ClInclude>
    <ClInclude Include="XG\XG_Nodes.h">
      <Filter>Visual-Based Types\XG</Filter>
    </ClInclude>
    <ClInclude Include="XG\XG.h">
      <Filter>Visual-Based Types\XG</Filter>
    </ClInclude>
    <ClInclude Include="XGM\XGM.h">
      <Filter>Visual-Based Types\XGM</Filter>
    </ClInclude>
    <ClInclude Include="XGM\Viewer\Viewer.h">
      <Filter>Visual-Based Types\XGM\Viewer</Filter>
    </ClInclude>
    <ClInclude Include="XGM\Viewer\Animator.h">
      <Filter>Visual-Based Types\XGM\Viewer\Animation</Filter>
    </ClInclude>
    <ClInclude Include="XGM\Viewer\Timeline.h">
      <Filter>Visual-Based Types\XGM\Viewer\Animation</Filter>
    </ClInclude>
    <ClInclude Include="XGM\Viewer\InputHandler.h">
      <Filter>Visual-Based Types\XGM\Viewer\Input Control</Filter>
    </ClInclude>
    <ClInclude Include="XGM\Viewer\Camera.h">
      <Filter>Visual-Based Types\XGM\Viewer\Input Control</Filter>
    </ClInclude>
    <ClInclude Include="XGM\Viewer\Shaders.h">
      <Filter>Visual-Based Types\XGM\Viewer\Shaders</Filter>
    </ClInclude>
    <ClInclude Include="XGM\Viewer\Texture.h">
      <Filter>Visual-Based Types\XGM\Viewer</Filter>
    </ClInclude>
    <ClInclude Include="XGM\Viewer\Primitives.h">
      <Filter>Visual-Based Types\XGM\Viewer</Filter>
    </ClInclude>
    <ClInclude Include="XGM\Viewer\Material.h">
      <Filter>Visual-Based Types\XGM\Viewer</Filter>
    </ClInclude>
  </ItemGroup>
  <ItemGroup>
    <ClInclude Include="Main\pch.h">
      <Filter>GMFR</Filter>
    </ClInclude>
    <ClInclude Include="resource.h">
      <Filter>GMFR</Filter>
    </ClInclude>
  </ItemGroup>
  <ItemGroup>
    <Image Include="icon1.ico">
      <Filter>GMFR</Filter>
    </Image>
    <Image Include="icon2.ico">
      <Filter>GMFR</Filter>
    </Image>
  </ItemGroup>
  <ItemGroup>
    <ResourceCompile Include="GitarooFileReader.rc">
      <Filter>GMFR</Filter>
    </ResourceCompile>
  </ItemGroup>
  <ItemGroup>
    <Natvis Include="Main\glm.natvis">
      <Filter>Global</Filter>
    </Natvis>
    <Natvis Include="Main\SharedPtr.natvis">
      <Filter>Global</Filter>
    </Natvis>
    <Natvis Include="IMX\IMX.natvis">
      <Filter>Visual-Based Types\IMX</Filter>
    </Natvis>
    <Natvis Include="XG\XG.natvis">
      <Filter>Visual-Based Types\XG</Filter>
    </Natvis>
    <Natvis Include="XGM\Viewer_DagMesh.natvis">
      <Filter>Visual-Based Types\XGM\Viewer</Filter>
    </Natvis>
  </ItemGroup>
</Project>