<?xml version="1.0" encoding="utf-8"?>
<Project ToolsVersion="4.0" xmlns="http://schemas.microsoft.com/developer/msbuild/2003">
  <ItemGroup>
    <Filter Include="GMFR">
      <UniqueIdentifier>{89335224-9a59-4824-b3f3-0df91a79f42d}</UniqueIdentifier>
    </Filter>
    <Filter Include="CHC">
      <UniqueIdentifier>{e06d6fb7-2b3e-4476-928d-d73b14f09a2b}</UniqueIdentifier>
    </Filter>
    <Filter Include="CHC\TAS">
      <UniqueIdentifier>{e90c0a41-deb6-4089-bc13-3ee0b2188db5}</UniqueIdentifier>
    </Filter>
    <Filter Include="CHC\Clone Hero">
      <UniqueIdentifier>{885f8a9e-f2ba-4dc5-a837-aba01e35d8b5}</UniqueIdentifier>
    </Filter>
    <Filter Include="CHC\Editor">
      <UniqueIdentifier>{3e880544-ee8f-4df6-8579-561c2f9bfcf2}</UniqueIdentifier>
    </Filter>
    <Filter Include="Global">
      <UniqueIdentifier>{401c4008-0459-4568-a9bc-35f27b5048e7}</UniqueIdentifier>
    </Filter>
  </ItemGroup>
  <ItemGroup>
    <ClCompile Include="CHC\CHC_Editor.cpp">
      <Filter>CHC\Editor</Filter>
    </ClCompile>
    <ClCompile Include="Main\GitarooFileReader.cpp">
      <Filter>GMFR</Filter>
    </ClCompile>
    <ClCompile Include="CHC\CHC_TAS.cpp">
      <Filter>CHC\TAS</Filter>
    </ClCompile>
    <ClCompile Include="CHC\CHC.cpp">
      <Filter>CHC</Filter>
    </ClCompile>
    <ClCompile Include="Main\Global_Functions.cpp">
      <Filter>Global</Filter>
    </ClCompile>
    <ClCompile Include="CHC\CH_ChartFile.cpp">
      <Filter>CHC\Clone Hero</Filter>
    </ClCompile>
    <ClCompile Include="CHC\CH_Export.cpp">
      <Filter>CHC\Clone Hero</Filter>
    </ClCompile>
    <ClCompile Include="CHC\CH_Import.cpp">
      <Filter>CHC\Clone Hero</Filter>
    </ClCompile>
    <ClCompile Include="CHC\CH_Item.cpp">
      <Filter>CHC\Clone Hero</Filter>
    </ClCompile>
    <ClCompile Include="CHC\CH_NoteTrack.cpp">
      <Filter>CHC\Clone Hero</Filter>
    </ClCompile>
    <ClCompile Include="Main\pch.cpp">
      <Filter>GMFR</Filter>
    </ClCompile>
    <ClCompile Include="Main\FileType.cpp">
      <Filter>Global</Filter>
    </ClCompile>
    <ClCompile Include="Main\FileMain.cpp">
      <Filter>Global</Filter>
    </ClCompile>
    <ClCompile Include="CHC\CHC_Main.cpp">
      <Filter>CHC</Filter>
    </ClCompile>
  </ItemGroup>
  <ItemGroup>
    <ClInclude Include="CHC\CHC_TAS.h">
      <Filter>CHC\TAS</Filter>
    </ClInclude>
    <ClInclude Include="CHC\CHC.h">
      <Filter>CHC</Filter>
    </ClInclude>
    <ClInclude Include="Main\Global_Functions.h">
      <Filter>Global</Filter>
    </ClInclude>
    <ClInclude Include="CHC\CH_ChartFile.h">
      <Filter>CHC\Clone Hero</Filter>
    </ClInclude>
    <ClInclude Include="CHC\CH_Export.h">
      <Filter>CHC\Clone Hero</Filter>
    </ClInclude>
    <ClInclude Include="CHC\CH_Import.h">
      <Filter>CHC\Clone Hero</Filter>
    </ClInclude>
    <ClInclude Include="CHC\CH_Item.h">
      <Filter>CHC\Clone Hero</Filter>
    </ClInclude>
    <ClInclude Include="CHC\CH_NoteTrack.h">
      <Filter>CHC\Clone Hero</Filter>
    </ClInclude>
    <ClInclude Include="Main\FileType.h">
      <Filter>Global</Filter>
    </ClInclude>
    <ClInclude Include="Main\FileMain.h">
      <Filter>Global</Filter>
    </ClInclude>
  </ItemGroup>
  <ItemGroup>
    <ClInclude Include="Main\pch.h">
      <Filter>GMFR</Filter>
    </ClInclude>
    <ClInclude Include="resource.h">
      <Filter>GMFR</Filter>
    </ClInclude>
  </ItemGroup>
  <ItemGroup>
    <Image Include="icon1.ico">
      <Filter>GMFR</Filter>
    </Image>
    <Image Include="icon2.ico">
      <Filter>GMFR</Filter>
    </Image>
  </ItemGroup>
  <ItemGroup>
    <ResourceCompile Include="GitarooFileReader.rc">
      <Filter>GMFR</Filter>
    </ResourceCompile>
  </ItemGroup>
</Project>